
Microsoft Visual Studio Solution File, Format Version 12.00
# Visual Studio Version 17
VisualStudioVersion = 17.5.002.0
MinimumVisualStudioVersion = 10.0.40219.1
Project("{9A19103F-16F7-4668-BE54-9A1E7A4F7556}") = "04 - Tipos de Operadores", "04 - Tipos de Operadores.csproj", "{CA4C3039-AC29-4830-A8A7-3BFA272B8F11}"
EndProject
Global
	GlobalSection(SolutionConfigurationPlatforms) = preSolution
		Debug|Any CPU = Debug|Any CPU
		Release|Any CPU = Release|Any CPU
	EndGlobalSection
	GlobalSection(ProjectConfigurationPlatforms) = postSolution
		{CA4C3039-AC29-4830-A8A7-3BFA272B8F11}.Debug|Any CPU.ActiveCfg = Debug|Any CPU
		{CA4C3039-AC29-4830-A8A7-3BFA272B8F11}.Debug|Any CPU.Build.0 = Debug|Any CPU
		{CA4C3039-AC29-4830-A8A7-3BFA272B8F11}.Release|Any CPU.ActiveCfg = Release|Any CPU
		{CA4C3039-AC29-4830-A8A7-3BFA272B8F11}.Release|Any CPU.Build.0 = Release|Any CPU
	EndGlobalSection
	GlobalSection(SolutionProperties) = preSolution
		HideSolutionNode = FALSE
	EndGlobalSection
	GlobalSection(ExtensibilityGlobals) = postSolution
		SolutionGuid = {33895E22-E7F9-48EB-9EFE-755E69608AF6}
	EndGlobalSection
EndGlobal
